
Microsoft Visual Studio Solution File, Format Version 12.00
# Visual Studio Version 16
VisualStudioVersion = 16.0.31313.79
MinimumVisualStudioVersion = 10.0.40219.1
Project("{9A19103F-16F7-4668-BE54-9A1E7A4F7556}") = "prof_lesson1_2", "prof_lesson1_2\prof_lesson1_2.csproj", "{FD73910D-47E5-4D3A-94F4-9D148DF8AF3B}"
EndProject
Project("{9A19103F-16F7-4668-BE54-9A1E7A4F7556}") = "prof_lesson2_2", "prof_lesson2_2\prof_lesson2_2.csproj", "{284E5DB5-3E9F-4065-B732-73B70BABC448}"
EndProject
Project("{9A19103F-16F7-4668-BE54-9A1E7A4F7556}") = "prof_lesson3_2", "prof_lesson3_2\prof_lesson3_2.csproj", "{F86BCCD6-1153-467B-ACF4-21316A3DE3CA}"
EndProject
Project("{9A19103F-16F7-4668-BE54-9A1E7A4F7556}") = "prof_lesson3_3", "prof_lesson3_3\prof_lesson3_3.csproj", "{AC855D87-0768-4448-BE59-805C9FEA94D4}"
EndProject
Project("{9A19103F-16F7-4668-BE54-9A1E7A4F7556}") = "prof_lesson4_3", "prof_lesson4_3\prof_lesson4_3.csproj", "{1012AA31-FEB4-4937-94F4-583C1A8D5176}"
EndProject
Project("{9A19103F-16F7-4668-BE54-9A1E7A4F7556}") = "prof_lesson5_2", "prof_lesson5_2\prof_lesson5_2.csproj", "{3AAC2A74-BA0C-499A-99B3-56A1C2434B71}"
EndProject
Project("{9A19103F-16F7-4668-BE54-9A1E7A4F7556}") = "prof_lesson5_3", "prof_lesson5_3\prof_lesson5_3.csproj", "{2327C1FE-9A6B-4C07-B9DC-7907895C51D3}"
EndProject
Project("{9A19103F-16F7-4668-BE54-9A1E7A4F7556}") = "prof_lesson6_2", "prof_lesson6_2\prof_lesson6_2.csproj", "{BFD165C6-B64D-4365-9EA5-0BD18BCF8A55}"
EndProject
Project("{9A19103F-16F7-4668-BE54-9A1E7A4F7556}") = "prof_lesson6_3", "prof_lesson6_3\prof_lesson6_3.csproj", "{B9A9BB31-A4AE-416D-9206-25786DD94E22}"
EndProject
Project("{9A19103F-16F7-4668-BE54-9A1E7A4F7556}") = "prof_lesson7_2", "prof_lesson7_2\prof_lesson7_2.csproj", "{084247D6-5E3E-43E7-88FD-8A57D342AC1A}"
EndProject
Project("{9A19103F-16F7-4668-BE54-9A1E7A4F7556}") = "prof_lesson8_2", "prof_lesson8_2\prof_lesson8_2.csproj", "{A75623BE-20E5-4F76-AB04-0A9E768A70B1}"
EndProject
Project("{9A19103F-16F7-4668-BE54-9A1E7A4F7556}") = "prof_lesson8_3", "prof_lesson8_3\prof_lesson8_3.csproj", "{7BE1802D-9731-4E1E-ACEB-494FDF76BE91}"
EndProject
Project("{9A19103F-16F7-4668-BE54-9A1E7A4F7556}") = "prof_lesson10_2", "prof_lesson10_2\prof_lesson10_2.csproj", "{70618C4D-A8B9-4389-B4B1-E365F118AE12}"
EndProject
Project("{9A19103F-16F7-4668-BE54-9A1E7A4F7556}") = "prof_lesson11_2", "prof_lesson11_2\prof_lesson11_2.csproj", "{F4D5ED3E-B6E7-4F3C-9150-D2496206DBA8}"
EndProject
Project("{9A19103F-16F7-4668-BE54-9A1E7A4F7556}") = "prof_lesson12_3", "prof_lesson12_3\prof_lesson12_3.csproj", "{0BC2D6DC-1E30-4ECB-A929-389F88ABB357}"
EndProject
Project("{FAE04EC0-301F-11D3-BF4B-00C04F79EFBC}") = "prof_lesson13_2", "prof_lesson13_2\prof_lesson13_2.csproj", "{C19EDCEE-17D2-4C0E-8EB9-9F5A3FD63EE0}"
EndProject
Global
	GlobalSection(SolutionConfigurationPlatforms) = preSolution
		Debug|Any CPU = Debug|Any CPU
		Release|Any CPU = Release|Any CPU
	EndGlobalSection
	GlobalSection(ProjectConfigurationPlatforms) = postSolution
		{FD73910D-47E5-4D3A-94F4-9D148DF8AF3B}.Debug|Any CPU.ActiveCfg = Debug|Any CPU
		{FD73910D-47E5-4D3A-94F4-9D148DF8AF3B}.Debug|Any CPU.Build.0 = Debug|Any CPU
		{FD73910D-47E5-4D3A-94F4-9D148DF8AF3B}.Release|Any CPU.ActiveCfg = Release|Any CPU
		{FD73910D-47E5-4D3A-94F4-9D148DF8AF3B}.Release|Any CPU.Build.0 = Release|Any CPU
		{284E5DB5-3E9F-4065-B732-73B70BABC448}.Debug|Any CPU.ActiveCfg = Debug|Any CPU
		{284E5DB5-3E9F-4065-B732-73B70BABC448}.Debug|Any CPU.Build.0 = Debug|Any CPU
		{284E5DB5-3E9F-4065-B732-73B70BABC448}.Release|Any CPU.ActiveCfg = Release|Any CPU
		{284E5DB5-3E9F-4065-B732-73B70BABC448}.Release|Any CPU.Build.0 = Release|Any CPU
		{F86BCCD6-1153-467B-ACF4-21316A3DE3CA}.Debug|Any CPU.ActiveCfg = Debug|Any CPU
		{F86BCCD6-1153-467B-ACF4-21316A3DE3CA}.Debug|Any CPU.Build.0 = Debug|Any CPU
		{F86BCCD6-1153-467B-ACF4-21316A3DE3CA}.Release|Any CPU.ActiveCfg = Release|Any CPU
		{F86BCCD6-1153-467B-ACF4-21316A3DE3CA}.Release|Any CPU.Build.0 = Release|Any CPU
		{AC855D87-0768-4448-BE59-805C9FEA94D4}.Debug|Any CPU.ActiveCfg = Debug|Any CPU
		{AC855D87-0768-4448-BE59-805C9FEA94D4}.Debug|Any CPU.Build.0 = Debug|Any CPU
		{AC855D87-0768-4448-BE59-805C9FEA94D4}.Release|Any CPU.ActiveCfg = Release|Any CPU
		{AC855D87-0768-4448-BE59-805C9FEA94D4}.Release|Any CPU.Build.0 = Release|Any CPU
		{1012AA31-FEB4-4937-94F4-583C1A8D5176}.Debug|Any CPU.ActiveCfg = Debug|Any CPU
		{1012AA31-FEB4-4937-94F4-583C1A8D5176}.Debug|Any CPU.Build.0 = Debug|Any CPU
		{1012AA31-FEB4-4937-94F4-583C1A8D5176}.Release|Any CPU.ActiveCfg = Release|Any CPU
		{1012AA31-FEB4-4937-94F4-583C1A8D5176}.Release|Any CPU.Build.0 = Release|Any CPU
		{3AAC2A74-BA0C-499A-99B3-56A1C2434B71}.Debug|Any CPU.ActiveCfg = Debug|Any CPU
		{3AAC2A74-BA0C-499A-99B3-56A1C2434B71}.Debug|Any CPU.Build.0 = Debug|Any CPU
		{3AAC2A74-BA0C-499A-99B3-56A1C2434B71}.Release|Any CPU.ActiveCfg = Release|Any CPU
		{3AAC2A74-BA0C-499A-99B3-56A1C2434B71}.Release|Any CPU.Build.0 = Release|Any CPU
		{2327C1FE-9A6B-4C07-B9DC-7907895C51D3}.Debug|Any CPU.ActiveCfg = Debug|Any CPU
		{2327C1FE-9A6B-4C07-B9DC-7907895C51D3}.Debug|Any CPU.Build.0 = Debug|Any CPU
		{2327C1FE-9A6B-4C07-B9DC-7907895C51D3}.Release|Any CPU.ActiveCfg = Release|Any CPU
		{2327C1FE-9A6B-4C07-B9DC-7907895C51D3}.Release|Any CPU.Build.0 = Release|Any CPU
		{BFD165C6-B64D-4365-9EA5-0BD18BCF8A55}.Debug|Any CPU.ActiveCfg = Debug|Any CPU
		{BFD165C6-B64D-4365-9EA5-0BD18BCF8A55}.Debug|Any CPU.Build.0 = Debug|Any CPU
		{BFD165C6-B64D-4365-9EA5-0BD18BCF8A55}.Release|Any CPU.ActiveCfg = Release|Any CPU
		{BFD165C6-B64D-4365-9EA5-0BD18BCF8A55}.Release|Any CPU.Build.0 = Release|Any CPU
		{B9A9BB31-A4AE-416D-9206-25786DD94E22}.Debug|Any CPU.ActiveCfg = Debug|Any CPU
		{B9A9BB31-A4AE-416D-9206-25786DD94E22}.Debug|Any CPU.Build.0 = Debug|Any CPU
		{B9A9BB31-A4AE-416D-9206-25786DD94E22}.Release|Any CPU.ActiveCfg = Release|Any CPU
		{B9A9BB31-A4AE-416D-9206-25786DD94E22}.Release|Any CPU.Build.0 = Release|Any CPU
		{084247D6-5E3E-43E7-88FD-8A57D342AC1A}.Debug|Any CPU.ActiveCfg = Debug|Any CPU
		{084247D6-5E3E-43E7-88FD-8A57D342AC1A}.Debug|Any CPU.Build.0 = Debug|Any CPU
		{084247D6-5E3E-43E7-88FD-8A57D342AC1A}.Release|Any CPU.ActiveCfg = Release|Any CPU
		{084247D6-5E3E-43E7-88FD-8A57D342AC1A}.Release|Any CPU.Build.0 = Release|Any CPU
		{A75623BE-20E5-4F76-AB04-0A9E768A70B1}.Debug|Any CPU.ActiveCfg = Debug|Any CPU
		{A75623BE-20E5-4F76-AB04-0A9E768A70B1}.Debug|Any CPU.Build.0 = Debug|Any CPU
		{A75623BE-20E5-4F76-AB04-0A9E768A70B1}.Release|Any CPU.ActiveCfg = Release|Any CPU
		{A75623BE-20E5-4F76-AB04-0A9E768A70B1}.Release|Any CPU.Build.0 = Release|Any CPU
		{7BE1802D-9731-4E1E-ACEB-494FDF76BE91}.Debug|Any CPU.ActiveCfg = Debug|Any CPU
		{7BE1802D-9731-4E1E-ACEB-494FDF76BE91}.Debug|Any CPU.Build.0 = Debug|Any CPU
		{7BE1802D-9731-4E1E-ACEB-494FDF76BE91}.Release|Any CPU.ActiveCfg = Release|Any CPU
		{7BE1802D-9731-4E1E-ACEB-494FDF76BE91}.Release|Any CPU.Build.0 = Release|Any CPU
		{70618C4D-A8B9-4389-B4B1-E365F118AE12}.Debug|Any CPU.ActiveCfg = Debug|Any CPU
		{70618C4D-A8B9-4389-B4B1-E365F118AE12}.Debug|Any CPU.Build.0 = Debug|Any CPU
		{70618C4D-A8B9-4389-B4B1-E365F118AE12}.Release|Any CPU.ActiveCfg = Release|Any CPU
		{70618C4D-A8B9-4389-B4B1-E365F118AE12}.Release|Any CPU.Build.0 = Release|Any CPU
		{F4D5ED3E-B6E7-4F3C-9150-D2496206DBA8}.Debug|Any CPU.ActiveCfg = Debug|Any CPU
		{F4D5ED3E-B6E7-4F3C-9150-D2496206DBA8}.Debug|Any CPU.Build.0 = Debug|Any CPU
		{F4D5ED3E-B6E7-4F3C-9150-D2496206DBA8}.Release|Any CPU.ActiveCfg = Release|Any CPU
		{F4D5ED3E-B6E7-4F3C-9150-D2496206DBA8}.Release|Any CPU.Build.0 = Release|Any CPU
		{0BC2D6DC-1E30-4ECB-A929-389F88ABB357}.Debug|Any CPU.ActiveCfg = Debug|Any CPU
		{0BC2D6DC-1E30-4ECB-A929-389F88ABB357}.Debug|Any CPU.Build.0 = Debug|Any CPU
		{0BC2D6DC-1E30-4ECB-A929-389F88ABB357}.Release|Any CPU.ActiveCfg = Release|Any CPU
		{0BC2D6DC-1E30-4ECB-A929-389F88ABB357}.Release|Any CPU.Build.0 = Release|Any CPU
		{C19EDCEE-17D2-4C0E-8EB9-9F5A3FD63EE0}.Debug|Any CPU.ActiveCfg = Debug|Any CPU
		{C19EDCEE-17D2-4C0E-8EB9-9F5A3FD63EE0}.Debug|Any CPU.Build.0 = Debug|Any CPU
		{C19EDCEE-17D2-4C0E-8EB9-9F5A3FD63EE0}.Release|Any CPU.ActiveCfg = Release|Any CPU
		{C19EDCEE-17D2-4C0E-8EB9-9F5A3FD63EE0}.Release|Any CPU.Build.0 = Release|Any CPU
	EndGlobalSection
	GlobalSection(SolutionProperties) = preSolution
		HideSolutionNode = FALSE
	EndGlobalSection
	GlobalSection(ExtensibilityGlobals) = postSolution
		SolutionGuid = {406F16EE-D936-452F-8B2A-1F24DCEB93A4}
	EndGlobalSection
EndGlobal
