
Microsoft Visual Studio Solution File, Format Version 12.00
# Visual Studio Version 16
VisualStudioVersion = 16.0.31313.79
MinimumVisualStudioVersion = 10.0.40219.1
Project("{2150E333-8FDC-42A3-9474-1A3956D46DE8}") = "lesson5", "lesson5", "{79F7B8D6-659F-4699-B0B2-7A3EF0F31D7D}"
EndProject
Project("{2150E333-8FDC-42A3-9474-1A3956D46DE8}") = "StarterExpress", "StarterExpress", "{753D17C9-E146-4848-9442-4E75153697EB}"
EndProject
Project("{9A19103F-16F7-4668-BE54-9A1E7A4F7556}") = "lesson5_solution3", "lesson5_solution3\lesson5_solution3.csproj", "{21FE04C9-BF5C-464C-9894-5AA67449CD90}"
EndProject
Project("{9A19103F-16F7-4668-BE54-9A1E7A4F7556}") = "lesson5_solution2", "lesson5_solution2\lesson5_solution2.csproj", "{9B0DA264-EB73-42A1-A953-98BA3C185FD0}"
EndProject
Project("{9A19103F-16F7-4668-BE54-9A1E7A4F7556}") = "lesson5_solution4", "lesson5_solution4\lesson5_solution4.csproj", "{D9A64D1B-0528-4C95-AD32-416984E25350}"
EndProject
Project("{2150E333-8FDC-42A3-9474-1A3956D46DE8}") = "lesson6", "lesson6", "{61DB90EF-FC9A-42C6-BDD8-A7AF3EFB1234}"
EndProject
Project("{9A19103F-16F7-4668-BE54-9A1E7A4F7556}") = "lesson6_solution3", "lesson6_solution3\lesson6_solution3.csproj", "{9EBA595D-B1EF-4EB3-9777-B00048701A38}"
EndProject
Project("{2150E333-8FDC-42A3-9474-1A3956D46DE8}") = "lesson9", "lesson9", "{793F21F5-C94B-499E-BCD4-76FCB7404A38}"
EndProject
Project("{9A19103F-16F7-4668-BE54-9A1E7A4F7556}") = "lesson9_solution3", "lesson9_solution3\lesson9_solution3.csproj", "{C0CCC2A1-53F3-4FF1-927A-0AFCD7A8C2E6}"
EndProject
Project("{2150E333-8FDC-42A3-9474-1A3956D46DE8}") = "BasicExpress", "BasicExpress", "{F699A389-3E8C-4E06-9862-345BDC9581D7}"
EndProject
Project("{9A19103F-16F7-4668-BE54-9A1E7A4F7556}") = "basic_lesson1_solution2", "lesson1_solution2\basic_lesson1_solution2.csproj", "{9EE011F0-DDDB-4D6A-B26D-1F8CC4EE03BB}"
EndProject
Project("{2150E333-8FDC-42A3-9474-1A3956D46DE8}") = "lesson1", "lesson1", "{D2AB0754-6832-4590-ABAC-412C42BAA3E0}"
EndProject
Project("{9A19103F-16F7-4668-BE54-9A1E7A4F7556}") = "basic_lesson1_solution3", "basic_lesson1_solution3\basic_lesson1_solution3.csproj", "{2B82971D-959A-4B2C-99DD-F2AA460474A4}"
EndProject
Project("{9A19103F-16F7-4668-BE54-9A1E7A4F7556}") = "basic_lesson1_solution4", "basic_lesson1_solution4\basic_lesson1_solution4.csproj", "{D9F23F94-4FC2-4048-828A-EBCA8FE6ED23}"
EndProject
Project("{2150E333-8FDC-42A3-9474-1A3956D46DE8}") = "lesson2", "lesson2", "{865D0D54-EA6A-40E1-A7CC-8ADA0D68BCBE}"
EndProject
Project("{9A19103F-16F7-4668-BE54-9A1E7A4F7556}") = "basic_lesson2_solution2", "basic_lesson2_solution2\basic_lesson2_solution2.csproj", "{2C97BD15-4A77-4B66-AA17-E6C6CC26A2C1}"
EndProject
Project("{9A19103F-16F7-4668-BE54-9A1E7A4F7556}") = "basic_lesson2_solution3", "basic_lesson2_solution3\basic_lesson2_solution3.csproj", "{11C330CB-643D-48CC-8C76-1F05F37C6202}"
EndProject
Project("{9A19103F-16F7-4668-BE54-9A1E7A4F7556}") = "basic_lesson2_solution4", "basic_lesson2_solution4\basic_lesson2_solution4.csproj", "{4A36F808-7C97-4787-98D9-007AC5F4335E}"
EndProject
Project("{2150E333-8FDC-42A3-9474-1A3956D46DE8}") = "lesson3", "lesson3", "{7C6D2457-FFF1-4E71-A2D5-A394473307CA}"
EndProject
Project("{9A19103F-16F7-4668-BE54-9A1E7A4F7556}") = "basic_lesson3_solution3", "basic_lesson3_solution3\basic_lesson3_solution3.csproj", "{31585EDD-8AF7-489A-B312-C30C9C0DDC8C}"
EndProject
Project("{9A19103F-16F7-4668-BE54-9A1E7A4F7556}") = "basic_lesson3_solution4", "basic_lesson3_solution4\basic_lesson3_solution4.csproj", "{406BE653-AC22-4219-A27D-8C28E398B729}"
EndProject
Project("{2150E333-8FDC-42A3-9474-1A3956D46DE8}") = "lesson4", "lesson4", "{485BA443-98D9-4D4C-A359-336EF2692CF4}"
EndProject
Project("{9A19103F-16F7-4668-BE54-9A1E7A4F7556}") = "basic_lesson4_solution2", "basic_lesson4_solution2\basic_lesson4_solution2.csproj", "{8DEE22B5-6A58-473A-A26C-11C4AF59BA22}"
EndProject
Project("{2150E333-8FDC-42A3-9474-1A3956D46DE8}") = "lesson5", "lesson5", "{1F3C869B-153D-49A1-86F0-B3DF4D369C52}"
EndProject
Project("{9A19103F-16F7-4668-BE54-9A1E7A4F7556}") = "basic_lesson5_solution2", "basic_lesson5_solution2\basic_lesson5_solution2.csproj", "{9BBA2F87-1F5F-4CA1-B6F8-061B3F2385C7}"
EndProject
Project("{9A19103F-16F7-4668-BE54-9A1E7A4F7556}") = "basic_lesson4_solution3", "basic_lesson4_solution3\basic_lesson4_solution3.csproj", "{781BAE5F-EDA2-42C4-BA75-5FCD312E5235}"
EndProject
Project("{2150E333-8FDC-42A3-9474-1A3956D46DE8}") = "lesson7", "lesson7", "{FF4EC723-536C-415D-A311-7D0814B04A8E}"
EndProject
Project("{9A19103F-16F7-4668-BE54-9A1E7A4F7556}") = "basic_lesson7_solution2", "basic_lesson7_solution2\basic_lesson7_solution2.csproj", "{AD04FDD3-441B-4275-A357-D432F9FA10CC}"
EndProject
Project("{2150E333-8FDC-42A3-9474-1A3956D46DE8}") = "lesson8", "lesson8", "{2B876FA6-D1DE-4C89-BCA1-4E65BEAF2245}"
EndProject
Project("{9A19103F-16F7-4668-BE54-9A1E7A4F7556}") = "basic_lesson8_solution3", "basic_lesson8_solution3\basic_lesson8_solution3.csproj", "{189F44BB-77FF-4B88-A593-BF6F84C4C6FF}"
EndProject
Project("{2150E333-8FDC-42A3-9474-1A3956D46DE8}") = "lesson9", "lesson9", "{AF8B5ADD-DC6C-440F-BF13-5689D9ECFC31}"
EndProject
Project("{9A19103F-16F7-4668-BE54-9A1E7A4F7556}") = "basic_lesson9_solution3", "basic_lesson9_solution3\basic_lesson9_solution3.csproj", "{90ABFB18-FFCB-409F-A3AE-CD34FD2BCB46}"
EndProject
Project("{9A19103F-16F7-4668-BE54-9A1E7A4F7556}") = "basic_lesson9_solution2", "basic_lesson9_solution2\basic_lesson9_solution2.csproj", "{CF86F700-2D7D-4E0C-82D9-094B307D8660}"
EndProject
Project("{2150E333-8FDC-42A3-9474-1A3956D46DE8}") = "lesson10", "lesson10", "{E346A7D4-2CA9-4518-B001-C7646E041B45}"
EndProject
Project("{FAE04EC0-301F-11D3-BF4B-00C04F79EFBC}") = "basic_lesson10_solution2and4", "basic_lesson10_solution2\basic_lesson10_solution2and4.csproj", "{58E04BD7-3EB9-4F59-9DA6-DB28B0DE040A}"
EndProject
Project("{FAE04EC0-301F-11D3-BF4B-00C04F79EFBC}") = "basic_lesson11_solution2", "basic_lesson11_solution2\basic_lesson11_solution2.csproj", "{04D3DD84-F0AC-4E17-94B2-A27FEC9E7B57}"
EndProject
Global
	GlobalSection(SolutionConfigurationPlatforms) = preSolution
		Debug|Any CPU = Debug|Any CPU
		Release|Any CPU = Release|Any CPU
	EndGlobalSection
	GlobalSection(ProjectConfigurationPlatforms) = postSolution
		{21FE04C9-BF5C-464C-9894-5AA67449CD90}.Debug|Any CPU.ActiveCfg = Debug|Any CPU
		{21FE04C9-BF5C-464C-9894-5AA67449CD90}.Debug|Any CPU.Build.0 = Debug|Any CPU
		{21FE04C9-BF5C-464C-9894-5AA67449CD90}.Release|Any CPU.ActiveCfg = Release|Any CPU
		{21FE04C9-BF5C-464C-9894-5AA67449CD90}.Release|Any CPU.Build.0 = Release|Any CPU
		{9B0DA264-EB73-42A1-A953-98BA3C185FD0}.Debug|Any CPU.ActiveCfg = Debug|Any CPU
		{9B0DA264-EB73-42A1-A953-98BA3C185FD0}.Debug|Any CPU.Build.0 = Debug|Any CPU
		{9B0DA264-EB73-42A1-A953-98BA3C185FD0}.Release|Any CPU.ActiveCfg = Release|Any CPU
		{9B0DA264-EB73-42A1-A953-98BA3C185FD0}.Release|Any CPU.Build.0 = Release|Any CPU
		{D9A64D1B-0528-4C95-AD32-416984E25350}.Debug|Any CPU.ActiveCfg = Debug|Any CPU
		{D9A64D1B-0528-4C95-AD32-416984E25350}.Debug|Any CPU.Build.0 = Debug|Any CPU
		{D9A64D1B-0528-4C95-AD32-416984E25350}.Release|Any CPU.ActiveCfg = Release|Any CPU
		{D9A64D1B-0528-4C95-AD32-416984E25350}.Release|Any CPU.Build.0 = Release|Any CPU
		{9EBA595D-B1EF-4EB3-9777-B00048701A38}.Debug|Any CPU.ActiveCfg = Debug|Any CPU
		{9EBA595D-B1EF-4EB3-9777-B00048701A38}.Debug|Any CPU.Build.0 = Debug|Any CPU
		{9EBA595D-B1EF-4EB3-9777-B00048701A38}.Release|Any CPU.ActiveCfg = Release|Any CPU
		{9EBA595D-B1EF-4EB3-9777-B00048701A38}.Release|Any CPU.Build.0 = Release|Any CPU
		{C0CCC2A1-53F3-4FF1-927A-0AFCD7A8C2E6}.Debug|Any CPU.ActiveCfg = Debug|Any CPU
		{C0CCC2A1-53F3-4FF1-927A-0AFCD7A8C2E6}.Debug|Any CPU.Build.0 = Debug|Any CPU
		{C0CCC2A1-53F3-4FF1-927A-0AFCD7A8C2E6}.Release|Any CPU.ActiveCfg = Release|Any CPU
		{C0CCC2A1-53F3-4FF1-927A-0AFCD7A8C2E6}.Release|Any CPU.Build.0 = Release|Any CPU
		{9EE011F0-DDDB-4D6A-B26D-1F8CC4EE03BB}.Debug|Any CPU.ActiveCfg = Debug|Any CPU
		{9EE011F0-DDDB-4D6A-B26D-1F8CC4EE03BB}.Debug|Any CPU.Build.0 = Debug|Any CPU
		{9EE011F0-DDDB-4D6A-B26D-1F8CC4EE03BB}.Release|Any CPU.ActiveCfg = Release|Any CPU
		{9EE011F0-DDDB-4D6A-B26D-1F8CC4EE03BB}.Release|Any CPU.Build.0 = Release|Any CPU
		{2B82971D-959A-4B2C-99DD-F2AA460474A4}.Debug|Any CPU.ActiveCfg = Debug|Any CPU
		{2B82971D-959A-4B2C-99DD-F2AA460474A4}.Debug|Any CPU.Build.0 = Debug|Any CPU
		{2B82971D-959A-4B2C-99DD-F2AA460474A4}.Release|Any CPU.ActiveCfg = Release|Any CPU
		{2B82971D-959A-4B2C-99DD-F2AA460474A4}.Release|Any CPU.Build.0 = Release|Any CPU
		{D9F23F94-4FC2-4048-828A-EBCA8FE6ED23}.Debug|Any CPU.ActiveCfg = Debug|Any CPU
		{D9F23F94-4FC2-4048-828A-EBCA8FE6ED23}.Debug|Any CPU.Build.0 = Debug|Any CPU
		{D9F23F94-4FC2-4048-828A-EBCA8FE6ED23}.Release|Any CPU.ActiveCfg = Release|Any CPU
		{D9F23F94-4FC2-4048-828A-EBCA8FE6ED23}.Release|Any CPU.Build.0 = Release|Any CPU
		{2C97BD15-4A77-4B66-AA17-E6C6CC26A2C1}.Debug|Any CPU.ActiveCfg = Debug|Any CPU
		{2C97BD15-4A77-4B66-AA17-E6C6CC26A2C1}.Debug|Any CPU.Build.0 = Debug|Any CPU
		{2C97BD15-4A77-4B66-AA17-E6C6CC26A2C1}.Release|Any CPU.ActiveCfg = Release|Any CPU
		{2C97BD15-4A77-4B66-AA17-E6C6CC26A2C1}.Release|Any CPU.Build.0 = Release|Any CPU
		{11C330CB-643D-48CC-8C76-1F05F37C6202}.Debug|Any CPU.ActiveCfg = Debug|Any CPU
		{11C330CB-643D-48CC-8C76-1F05F37C6202}.Debug|Any CPU.Build.0 = Debug|Any CPU
		{11C330CB-643D-48CC-8C76-1F05F37C6202}.Release|Any CPU.ActiveCfg = Release|Any CPU
		{11C330CB-643D-48CC-8C76-1F05F37C6202}.Release|Any CPU.Build.0 = Release|Any CPU
		{4A36F808-7C97-4787-98D9-007AC5F4335E}.Debug|Any CPU.ActiveCfg = Debug|Any CPU
		{4A36F808-7C97-4787-98D9-007AC5F4335E}.Debug|Any CPU.Build.0 = Debug|Any CPU
		{4A36F808-7C97-4787-98D9-007AC5F4335E}.Release|Any CPU.ActiveCfg = Release|Any CPU
		{4A36F808-7C97-4787-98D9-007AC5F4335E}.Release|Any CPU.Build.0 = Release|Any CPU
		{31585EDD-8AF7-489A-B312-C30C9C0DDC8C}.Debug|Any CPU.ActiveCfg = Debug|Any CPU
		{31585EDD-8AF7-489A-B312-C30C9C0DDC8C}.Debug|Any CPU.Build.0 = Debug|Any CPU
		{31585EDD-8AF7-489A-B312-C30C9C0DDC8C}.Release|Any CPU.ActiveCfg = Release|Any CPU
		{31585EDD-8AF7-489A-B312-C30C9C0DDC8C}.Release|Any CPU.Build.0 = Release|Any CPU
		{406BE653-AC22-4219-A27D-8C28E398B729}.Debug|Any CPU.ActiveCfg = Debug|Any CPU
		{406BE653-AC22-4219-A27D-8C28E398B729}.Debug|Any CPU.Build.0 = Debug|Any CPU
		{406BE653-AC22-4219-A27D-8C28E398B729}.Release|Any CPU.ActiveCfg = Release|Any CPU
		{406BE653-AC22-4219-A27D-8C28E398B729}.Release|Any CPU.Build.0 = Release|Any CPU
		{8DEE22B5-6A58-473A-A26C-11C4AF59BA22}.Debug|Any CPU.ActiveCfg = Debug|Any CPU
		{8DEE22B5-6A58-473A-A26C-11C4AF59BA22}.Debug|Any CPU.Build.0 = Debug|Any CPU
		{8DEE22B5-6A58-473A-A26C-11C4AF59BA22}.Release|Any CPU.ActiveCfg = Release|Any CPU
		{8DEE22B5-6A58-473A-A26C-11C4AF59BA22}.Release|Any CPU.Build.0 = Release|Any CPU
		{9BBA2F87-1F5F-4CA1-B6F8-061B3F2385C7}.Debug|Any CPU.ActiveCfg = Debug|Any CPU
		{9BBA2F87-1F5F-4CA1-B6F8-061B3F2385C7}.Debug|Any CPU.Build.0 = Debug|Any CPU
		{9BBA2F87-1F5F-4CA1-B6F8-061B3F2385C7}.Release|Any CPU.ActiveCfg = Release|Any CPU
		{9BBA2F87-1F5F-4CA1-B6F8-061B3F2385C7}.Release|Any CPU.Build.0 = Release|Any CPU
		{781BAE5F-EDA2-42C4-BA75-5FCD312E5235}.Debug|Any CPU.ActiveCfg = Debug|Any CPU
		{781BAE5F-EDA2-42C4-BA75-5FCD312E5235}.Debug|Any CPU.Build.0 = Debug|Any CPU
		{781BAE5F-EDA2-42C4-BA75-5FCD312E5235}.Release|Any CPU.ActiveCfg = Release|Any CPU
		{781BAE5F-EDA2-42C4-BA75-5FCD312E5235}.Release|Any CPU.Build.0 = Release|Any CPU
		{AD04FDD3-441B-4275-A357-D432F9FA10CC}.Debug|Any CPU.ActiveCfg = Debug|Any CPU
		{AD04FDD3-441B-4275-A357-D432F9FA10CC}.Debug|Any CPU.Build.0 = Debug|Any CPU
		{AD04FDD3-441B-4275-A357-D432F9FA10CC}.Release|Any CPU.ActiveCfg = Release|Any CPU
		{AD04FDD3-441B-4275-A357-D432F9FA10CC}.Release|Any CPU.Build.0 = Release|Any CPU
		{189F44BB-77FF-4B88-A593-BF6F84C4C6FF}.Debug|Any CPU.ActiveCfg = Debug|Any CPU
		{189F44BB-77FF-4B88-A593-BF6F84C4C6FF}.Debug|Any CPU.Build.0 = Debug|Any CPU
		{189F44BB-77FF-4B88-A593-BF6F84C4C6FF}.Release|Any CPU.ActiveCfg = Release|Any CPU
		{189F44BB-77FF-4B88-A593-BF6F84C4C6FF}.Release|Any CPU.Build.0 = Release|Any CPU
		{90ABFB18-FFCB-409F-A3AE-CD34FD2BCB46}.Debug|Any CPU.ActiveCfg = Debug|Any CPU
		{90ABFB18-FFCB-409F-A3AE-CD34FD2BCB46}.Debug|Any CPU.Build.0 = Debug|Any CPU
		{90ABFB18-FFCB-409F-A3AE-CD34FD2BCB46}.Release|Any CPU.ActiveCfg = Release|Any CPU
		{90ABFB18-FFCB-409F-A3AE-CD34FD2BCB46}.Release|Any CPU.Build.0 = Release|Any CPU
		{CF86F700-2D7D-4E0C-82D9-094B307D8660}.Debug|Any CPU.ActiveCfg = Debug|Any CPU
		{CF86F700-2D7D-4E0C-82D9-094B307D8660}.Debug|Any CPU.Build.0 = Debug|Any CPU
		{CF86F700-2D7D-4E0C-82D9-094B307D8660}.Release|Any CPU.ActiveCfg = Release|Any CPU
		{CF86F700-2D7D-4E0C-82D9-094B307D8660}.Release|Any CPU.Build.0 = Release|Any CPU
		{58E04BD7-3EB9-4F59-9DA6-DB28B0DE040A}.Debug|Any CPU.ActiveCfg = Debug|Any CPU
		{58E04BD7-3EB9-4F59-9DA6-DB28B0DE040A}.Debug|Any CPU.Build.0 = Debug|Any CPU
		{58E04BD7-3EB9-4F59-9DA6-DB28B0DE040A}.Release|Any CPU.ActiveCfg = Release|Any CPU
		{58E04BD7-3EB9-4F59-9DA6-DB28B0DE040A}.Release|Any CPU.Build.0 = Release|Any CPU
		{04D3DD84-F0AC-4E17-94B2-A27FEC9E7B57}.Debug|Any CPU.ActiveCfg = Debug|Any CPU
		{04D3DD84-F0AC-4E17-94B2-A27FEC9E7B57}.Debug|Any CPU.Build.0 = Debug|Any CPU
		{04D3DD84-F0AC-4E17-94B2-A27FEC9E7B57}.Release|Any CPU.ActiveCfg = Release|Any CPU
		{04D3DD84-F0AC-4E17-94B2-A27FEC9E7B57}.Release|Any CPU.Build.0 = Release|Any CPU
	EndGlobalSection
	GlobalSection(SolutionProperties) = preSolution
		HideSolutionNode = FALSE
	EndGlobalSection
	GlobalSection(NestedProjects) = preSolution
		{79F7B8D6-659F-4699-B0B2-7A3EF0F31D7D} = {753D17C9-E146-4848-9442-4E75153697EB}
		{21FE04C9-BF5C-464C-9894-5AA67449CD90} = {79F7B8D6-659F-4699-B0B2-7A3EF0F31D7D}
		{9B0DA264-EB73-42A1-A953-98BA3C185FD0} = {79F7B8D6-659F-4699-B0B2-7A3EF0F31D7D}
		{D9A64D1B-0528-4C95-AD32-416984E25350} = {79F7B8D6-659F-4699-B0B2-7A3EF0F31D7D}
		{61DB90EF-FC9A-42C6-BDD8-A7AF3EFB1234} = {753D17C9-E146-4848-9442-4E75153697EB}
		{9EBA595D-B1EF-4EB3-9777-B00048701A38} = {61DB90EF-FC9A-42C6-BDD8-A7AF3EFB1234}
		{793F21F5-C94B-499E-BCD4-76FCB7404A38} = {753D17C9-E146-4848-9442-4E75153697EB}
		{C0CCC2A1-53F3-4FF1-927A-0AFCD7A8C2E6} = {793F21F5-C94B-499E-BCD4-76FCB7404A38}
		{9EE011F0-DDDB-4D6A-B26D-1F8CC4EE03BB} = {D2AB0754-6832-4590-ABAC-412C42BAA3E0}
		{D2AB0754-6832-4590-ABAC-412C42BAA3E0} = {F699A389-3E8C-4E06-9862-345BDC9581D7}
		{2B82971D-959A-4B2C-99DD-F2AA460474A4} = {D2AB0754-6832-4590-ABAC-412C42BAA3E0}
		{D9F23F94-4FC2-4048-828A-EBCA8FE6ED23} = {D2AB0754-6832-4590-ABAC-412C42BAA3E0}
		{865D0D54-EA6A-40E1-A7CC-8ADA0D68BCBE} = {F699A389-3E8C-4E06-9862-345BDC9581D7}
		{2C97BD15-4A77-4B66-AA17-E6C6CC26A2C1} = {865D0D54-EA6A-40E1-A7CC-8ADA0D68BCBE}
		{11C330CB-643D-48CC-8C76-1F05F37C6202} = {865D0D54-EA6A-40E1-A7CC-8ADA0D68BCBE}
		{4A36F808-7C97-4787-98D9-007AC5F4335E} = {865D0D54-EA6A-40E1-A7CC-8ADA0D68BCBE}
		{7C6D2457-FFF1-4E71-A2D5-A394473307CA} = {F699A389-3E8C-4E06-9862-345BDC9581D7}
		{31585EDD-8AF7-489A-B312-C30C9C0DDC8C} = {7C6D2457-FFF1-4E71-A2D5-A394473307CA}
		{406BE653-AC22-4219-A27D-8C28E398B729} = {7C6D2457-FFF1-4E71-A2D5-A394473307CA}
		{485BA443-98D9-4D4C-A359-336EF2692CF4} = {F699A389-3E8C-4E06-9862-345BDC9581D7}
		{8DEE22B5-6A58-473A-A26C-11C4AF59BA22} = {485BA443-98D9-4D4C-A359-336EF2692CF4}
		{1F3C869B-153D-49A1-86F0-B3DF4D369C52} = {F699A389-3E8C-4E06-9862-345BDC9581D7}
		{9BBA2F87-1F5F-4CA1-B6F8-061B3F2385C7} = {1F3C869B-153D-49A1-86F0-B3DF4D369C52}
		{781BAE5F-EDA2-42C4-BA75-5FCD312E5235} = {485BA443-98D9-4D4C-A359-336EF2692CF4}
		{FF4EC723-536C-415D-A311-7D0814B04A8E} = {F699A389-3E8C-4E06-9862-345BDC9581D7}
		{AD04FDD3-441B-4275-A357-D432F9FA10CC} = {FF4EC723-536C-415D-A311-7D0814B04A8E}
		{2B876FA6-D1DE-4C89-BCA1-4E65BEAF2245} = {F699A389-3E8C-4E06-9862-345BDC9581D7}
		{189F44BB-77FF-4B88-A593-BF6F84C4C6FF} = {2B876FA6-D1DE-4C89-BCA1-4E65BEAF2245}
		{AF8B5ADD-DC6C-440F-BF13-5689D9ECFC31} = {F699A389-3E8C-4E06-9862-345BDC9581D7}
		{90ABFB18-FFCB-409F-A3AE-CD34FD2BCB46} = {AF8B5ADD-DC6C-440F-BF13-5689D9ECFC31}
		{CF86F700-2D7D-4E0C-82D9-094B307D8660} = {AF8B5ADD-DC6C-440F-BF13-5689D9ECFC31}
		{E346A7D4-2CA9-4518-B001-C7646E041B45} = {F699A389-3E8C-4E06-9862-345BDC9581D7}
		{58E04BD7-3EB9-4F59-9DA6-DB28B0DE040A} = {E346A7D4-2CA9-4518-B001-C7646E041B45}
		{04D3DD84-F0AC-4E17-94B2-A27FEC9E7B57} = {F699A389-3E8C-4E06-9862-345BDC9581D7}
	EndGlobalSection
	GlobalSection(ExtensibilityGlobals) = postSolution
		SolutionGuid = {406F16EE-D936-452F-8B2A-1F24DCEB93A4}
	EndGlobalSection
EndGlobal
