
Microsoft Visual Studio Solution File, Format Version 12.00
# Visual Studio Version 16
VisualStudioVersion = 16.0.31313.79
MinimumVisualStudioVersion = 10.0.40219.1
Project("{FAE04EC0-301F-11D3-BF4B-00C04F79EFBC}") = "EFcore_lesson1_2", "EFcore_lesson1_2\EFcore_lesson1_2.csproj", "{AC9B52D3-13FE-47E8-A088-A792F6C5DBCD}"
EndProject
Global
	GlobalSection(SolutionConfigurationPlatforms) = preSolution
		Debug|Any CPU = Debug|Any CPU
		Release|Any CPU = Release|Any CPU
	EndGlobalSection
	GlobalSection(ProjectConfigurationPlatforms) = postSolution
		{AC9B52D3-13FE-47E8-A088-A792F6C5DBCD}.Debug|Any CPU.ActiveCfg = Debug|Any CPU
		{AC9B52D3-13FE-47E8-A088-A792F6C5DBCD}.Debug|Any CPU.Build.0 = Debug|Any CPU
		{AC9B52D3-13FE-47E8-A088-A792F6C5DBCD}.Release|Any CPU.ActiveCfg = Release|Any CPU
		{AC9B52D3-13FE-47E8-A088-A792F6C5DBCD}.Release|Any CPU.Build.0 = Release|Any CPU
	EndGlobalSection
	GlobalSection(SolutionProperties) = preSolution
		HideSolutionNode = FALSE
	EndGlobalSection
	GlobalSection(ExtensibilityGlobals) = postSolution
		SolutionGuid = {406F16EE-D936-452F-8B2A-1F24DCEB93A4}
	EndGlobalSection
EndGlobal
